<Solution>
  <Folder Name="/Pamx/">
    <Project Path="Pamx/Pamx/Pamx.csproj" />
  </Folder>
  <Folder Name="/Reimnop.MvvmHelper/">
    <Project Path="Reimnop.MvvmHelper/Reimnop.MvvmHelper.Generator/Reimnop.MvvmHelper.Generator.csproj" />
    <Project Path="Reimnop.MvvmHelper/Reimnop.MvvmHelper/Reimnop.MvvmHelper.csproj" />
  </Folder>
  <Folder Name="/Resources/">
    <Project Path="ParallelAnimationSystem.Resources.Compressed/ParallelAnimationSystem.Resources.Compressed.csproj" />
    <Project Path="ParallelAnimationSystem.Resources.Raw/ParallelAnimationSystem.Resources.Raw.csproj" />
  </Folder>
  <Folder Name="/Tmpx/">
    <Project Path="Tmpx/Tmpx.Common/Tmpx.Common.csproj" />
    <Project Path="Tmpx/Tmpx.Demo/Tmpx.Demo.csproj" />
    <Project Path="Tmpx/Tmpx.Generator/Tmpx.Generator.csproj" />
    <Project Path="Tmpx/Tmpx.Tests/Tmpx.Tests.csproj" />
    <Project Path="Tmpx/Tmpx/Tmpx.csproj" />
  </Folder>
  <Project Path="ParallelAnimationSystem.Android/ParallelAnimationSystem.Android.csproj">
    <Deploy />
  </Project>
  <Project Path="ParallelAnimationSystem.Avalonia/ParallelAnimationSystem.Avalonia.csproj" />
  <Project Path="ParallelAnimationSystem.Desktop/ParallelAnimationSystem.Desktop.csproj" />
  <Project Path="ParallelAnimationSystem.Mathematics/ParallelAnimationSystem.Mathematics.csproj" />
  <Project Path="ParallelAnimationSystem.Redist/ParallelAnimationSystem.Redist.csproj" />
  <Project Path="ParallelAnimationSystem.Rendering.Common/ParallelAnimationSystem.Rendering.Common.csproj" />
  <Project Path="ParallelAnimationSystem.Rendering.OpenGL/ParallelAnimationSystem.Rendering.OpenGL.csproj" />
  <Project Path="ParallelAnimationSystem.Rendering.OpenGLES/ParallelAnimationSystem.Rendering.OpenGLES.csproj" />
  <Project Path="ParallelAnimationSystem.Wasm/ParallelAnimationSystem.Wasm.csproj" />
  <Project Path="ParallelAnimationSystem/ParallelAnimationSystem.csproj" />
</Solution>
